
Microsoft Visual Studio Solution File, Format Version 12.00
# Visual Studio Version 16
VisualStudioVersion = 16.0.29905.134
MinimumVisualStudioVersion = 10.0.40219.1
Project("{FAE04EC0-301F-11D3-BF4B-00C04F79EFBC}") = "DataRetrieval", "DataRetrieval\DataRetrieval.csproj", "{B05B3E9A-EBCD-411F-BE75-D18851B4BAE9}"
EndProject
Project("{FAE04EC0-301F-11D3-BF4B-00C04F79EFBC}") = "CurrencyConvert", "CurrencyConvert\CurrencyConvert.csproj", "{FDFF9496-42F5-46F4-9C0A-02DA9060CB92}"
EndProject
Global
	GlobalSection(SolutionConfigurationPlatforms) = preSolution
		Debug|Any CPU = Debug|Any CPU
		Release|Any CPU = Release|Any CPU
	EndGlobalSection
	GlobalSection(ProjectConfigurationPlatforms) = postSolution
		{B05B3E9A-EBCD-411F-BE75-D18851B4BAE9}.Debug|Any CPU.ActiveCfg = Debug|Any CPU
		{B05B3E9A-EBCD-411F-BE75-D18851B4BAE9}.Debug|Any CPU.Build.0 = Debug|Any CPU
		{B05B3E9A-EBCD-411F-BE75-D18851B4BAE9}.Release|Any CPU.ActiveCfg = Release|Any CPU
		{B05B3E9A-EBCD-411F-BE75-D18851B4BAE9}.Release|Any CPU.Build.0 = Release|Any CPU
		{FDFF9496-42F5-46F4-9C0A-02DA9060CB92}.Debug|Any CPU.ActiveCfg = Debug|Any CPU
		{FDFF9496-42F5-46F4-9C0A-02DA9060CB92}.Debug|Any CPU.Build.0 = Debug|Any CPU
		{FDFF9496-42F5-46F4-9C0A-02DA9060CB92}.Release|Any CPU.ActiveCfg = Release|Any CPU
		{FDFF9496-42F5-46F4-9C0A-02DA9060CB92}.Release|Any CPU.Build.0 = Release|Any CPU
	EndGlobalSection
	GlobalSection(SolutionProperties) = preSolution
		HideSolutionNode = FALSE
	EndGlobalSection
	GlobalSection(ExtensibilityGlobals) = postSolution
		SolutionGuid = {DD3072BE-44C2-46BA-A8D4-FED7D5A38FAD}
	EndGlobalSection
EndGlobal
